<?xml version="1.0" encoding="utf-8"?>
<Project ToolsVersion="4.0" xmlns="http://schemas.microsoft.com/developer/msbuild/2003">
  <ItemGroup>
    <Filter Include="소스 파일">
      <UniqueIdentifier>{4FC737F1-C7A5-4376-A066-2A32D752A2FF}</UniqueIdentifier>
      <Extensions>cpp;c;cc;cxx;def;odl;idl;hpj;bat;asm;asmx</Extensions>
    </Filter>
    <Filter Include="헤더 파일">
      <UniqueIdentifier>{93995380-89BD-4b04-88EB-625FBE52EBFB}</UniqueIdentifier>
      <Extensions>h;hh;hpp;hxx;hm;inl;inc;xsd</Extensions>
    </Filter>
    <Filter Include="리소스 파일">
      <UniqueIdentifier>{67DA6AB6-F800-4c08-8B7A-83BB121AAD01}</UniqueIdentifier>
      <Extensions>rc;ico;cur;bmp;dlg;rc2;rct;bin;rgs;gif;jpg;jpeg;jpe;resx;tiff;tif;png;wav;mfcribbon-ms</Extensions>
    </Filter>
    <Filter Include="Shared">
      <UniqueIdentifier>{df199ef9-48a3-4010-a633-a2b9ebc1a304}</UniqueIdentifier>
    </Filter>
    <Filter Include="ConsoleMessage">
      <UniqueIdentifier>{04659954-84f2-4956-95b5-52c4494e0106}</UniqueIdentifier>
    </Filter>
    <Filter Include="Window">
      <UniqueIdentifier>{13f3a296-b250-4ae5-ae0d-20b4e47d8a2e}</UniqueIdentifier>
    </Filter>
  </ItemGroup>
  <ItemGroup>
    <Text Include="ReadMe.txt" />
  </ItemGroup>
  <ItemGroup>
    <ClInclude Include="stdafx.h">
      <Filter>헤더 파일</Filter>
    </ClInclude>
    <ClInclude Include="targetver.h">
      <Filter>헤더 파일</Filter>
    </ClInclude>
    <ClInclude Include="common.h">
      <Filter>헤더 파일</Filter>
    </ClInclude>
    <ClInclude Include="KeyValueReader.h">
      <Filter>헤더 파일</Filter>
    </ClInclude>
    <ClInclude Include="..\Shared\Util.h">
      <Filter>Shared</Filter>
    </ClInclude>
    <ClInclude Include="ConCommand.h">
      <Filter>ConsoleMessage</Filter>
    </ClInclude>
    <ClInclude Include="IConsoleMessage.h">
      <Filter>ConsoleMessage</Filter>
    </ClInclude>
    <ClInclude Include="ConsoleMessageExecutor.h">
      <Filter>ConsoleMessage</Filter>
    </ClInclude>
    <ClInclude Include="ConVar.h">
      <Filter>ConsoleMessage</Filter>
    </ClInclude>
    <ClInclude Include="EnumStringMap.h">
      <Filter>헤더 파일</Filter>
    </ClInclude>
    <ClInclude Include="ScriptKeyHandler.h">
      <Filter>헤더 파일</Filter>
    </ClInclude>
    <ClInclude Include="IEngine.h">
      <Filter>헤더 파일</Filter>
    </ClInclude>
    <ClInclude Include="WindowPlatformEngine.h">
      <Filter>헤더 파일</Filter>
    </ClInclude>
  </ItemGroup>
  <ItemGroup>
    <ClCompile Include="stdafx.cpp">
      <Filter>소스 파일</Filter>
    </ClCompile>
    <ClCompile Include="Engine.cpp">
      <Filter>소스 파일</Filter>
    </ClCompile>
    <ClCompile Include="dllmain.cpp">
      <Filter>소스 파일</Filter>
    </ClCompile>
    <ClCompile Include="KeyValueReader.cpp">
      <Filter>소스 파일</Filter>
    </ClCompile>
    <ClCompile Include="..\Shared\Util.cpp">
      <Filter>Shared</Filter>
    </ClCompile>
    <ClCompile Include="ConCommand.cpp">
      <Filter>ConsoleMessage</Filter>
    </ClCompile>
    <ClCompile Include="ConsoleMessageExecutor.cpp">
      <Filter>ConsoleMessage</Filter>
    </ClCompile>
    <ClCompile Include="ConVar.cpp">
      <Filter>ConsoleMessage</Filter>
    </ClCompile>
    <ClCompile Include="EnumStringMap.cpp">
      <Filter>소스 파일</Filter>
    </ClCompile>
    <ClCompile Include="WindowPlatformEngine.cpp">
      <Filter>소스 파일</Filter>
    </ClCompile>
  </ItemGroup>
</Project>