<?xml version="1.0" encoding="utf-8"?>
<Project ToolsVersion="4.0" xmlns="http://schemas.microsoft.com/developer/msbuild/2003">
  <ItemGroup>
    <Filter Include="소스 파일">
      <UniqueIdentifier>{4FC737F1-C7A5-4376-A066-2A32D752A2FF}</UniqueIdentifier>
      <Extensions>cpp;c;cc;cxx;def;odl;idl;hpj;bat;asm;asmx</Extensions>
    </Filter>
    <Filter Include="헤더 파일">
      <UniqueIdentifier>{93995380-89BD-4b04-88EB-625FBE52EBFB}</UniqueIdentifier>
      <Extensions>h;hh;hpp;hxx;hm;inl;inc;xsd</Extensions>
    </Filter>
    <Filter Include="ConsoleMessage">
      <UniqueIdentifier>{04659954-84f2-4956-95b5-52c4494e0106}</UniqueIdentifier>
    </Filter>
    <Filter Include="Window">
      <UniqueIdentifier>{13f3a296-b250-4ae5-ae0d-20b4e47d8a2e}</UniqueIdentifier>
    </Filter>
    <Filter Include="UserInput">
      <UniqueIdentifier>{ed8e8dcd-faec-4bcb-bc6a-dbdcffdfffb5}</UniqueIdentifier>
    </Filter>
    <Filter Include="DataStructure">
      <UniqueIdentifier>{39add48f-92c0-4618-bac0-0497839d1a9c}</UniqueIdentifier>
    </Filter>
  </ItemGroup>
  <ItemGroup>
    <Text Include="ReadMe.txt" />
  </ItemGroup>
  <ItemGroup>
    <ClInclude Include="Source\Public\Core\IEngine.h">
      <Filter>헤더 파일</Filter>
    </ClInclude>
    <ClInclude Include="Source\Public\UserInput\UICMap.h">
      <Filter>UserInput</Filter>
    </ClInclude>
    <ClInclude Include="Source\Public\ConsoleMessage\ConsoleMessageExecutor.h">
      <Filter>ConsoleMessage</Filter>
    </ClInclude>
    <ClInclude Include="Source\Public\ConsoleMessage\ConVar.h">
      <Filter>ConsoleMessage</Filter>
    </ClInclude>
    <ClInclude Include="Source\Public\ConsoleMessage\IConsoleMessage.h">
      <Filter>ConsoleMessage</Filter>
    </ClInclude>
    <ClInclude Include="Source\Public\ConsoleMessage\ConCommand.h">
      <Filter>ConsoleMessage</Filter>
    </ClInclude>
    <ClInclude Include="Source\stdafx.h">
      <Filter>헤더 파일</Filter>
    </ClInclude>
    <ClInclude Include="Source\Public\Platform\WindowPlatformEngine.h">
      <Filter>Window</Filter>
    </ClInclude>
    <ClInclude Include="Source\Public\Platform\WindowPlatformInputConvertor.h">
      <Filter>Window</Filter>
    </ClInclude>
    <ClInclude Include="Source\Public\DataStructure\EnumStringMap.h">
      <Filter>DataStructure</Filter>
    </ClInclude>
    <ClInclude Include="Source\Public\DataStructure\KeyValueReader.h">
      <Filter>DataStructure</Filter>
    </ClInclude>
    <ClInclude Include="Source\targetver.h">
      <Filter>헤더 파일</Filter>
    </ClInclude>
  </ItemGroup>
  <ItemGroup>
    <ClCompile Include="Source\Private\ConsoleMessage\ConCommand.cpp">
      <Filter>ConsoleMessage</Filter>
    </ClCompile>
    <ClCompile Include="Source\Private\ConsoleMessage\ConsoleMessageExecutor.cpp">
      <Filter>ConsoleMessage</Filter>
    </ClCompile>
    <ClCompile Include="Source\Private\Core\dllmain.cpp">
      <Filter>소스 파일</Filter>
    </ClCompile>
    <ClCompile Include="Source\Private\Core\Engine.cpp">
      <Filter>소스 파일</Filter>
    </ClCompile>
    <ClCompile Include="Source\Private\DataStructure\EnumStringMap.cpp">
      <Filter>DataStructure</Filter>
    </ClCompile>
    <ClCompile Include="Source\Private\DataStructure\KeyValueReader.cpp">
      <Filter>DataStructure</Filter>
    </ClCompile>
    <ClCompile Include="Source\Private\ConsoleMessage\ConVar.cpp">
      <Filter>ConsoleMessage</Filter>
    </ClCompile>
    <ClCompile Include="Source\stdafx.cpp">
      <Filter>소스 파일</Filter>
    </ClCompile>
    <ClCompile Include="Source\Private\Platform\WindowPlatformEngine.cpp">
      <Filter>Window</Filter>
    </ClCompile>
    <ClCompile Include="Source\Private\Platform\WindowPlatformInputConvertor.cpp">
      <Filter>Window</Filter>
    </ClCompile>
  </ItemGroup>
</Project>