<?xml version="1.0" encoding="utf-8"?>
<Project ToolsVersion="4.0" xmlns="http://schemas.microsoft.com/developer/msbuild/2003">
  <ItemGroup>
    <Filter Include="소스 파일">
      <UniqueIdentifier>{4FC737F1-C7A5-4376-A066-2A32D752A2FF}</UniqueIdentifier>
      <Extensions>cpp;c;cc;cxx;def;odl;idl;hpj;bat;asm;asmx</Extensions>
    </Filter>
    <Filter Include="헤더 파일">
      <UniqueIdentifier>{93995380-89BD-4b04-88EB-625FBE52EBFB}</UniqueIdentifier>
      <Extensions>h;hh;hpp;hxx;hm;inl;inc;xsd</Extensions>
    </Filter>
    <Filter Include="리소스 파일">
      <UniqueIdentifier>{67DA6AB6-F800-4c08-8B7A-83BB121AAD01}</UniqueIdentifier>
      <Extensions>rc;ico;cur;bmp;dlg;rc2;rct;bin;rgs;gif;jpg;jpeg;jpe;resx;tiff;tif;png;wav;mfcribbon-ms</Extensions>
    </Filter>
    <Filter Include="Direct11">
      <UniqueIdentifier>{760371a0-97b4-45ae-9f7c-514816113782}</UniqueIdentifier>
    </Filter>
    <Filter Include="fx">
      <UniqueIdentifier>{f6246641-54f6-4e9d-af0f-2a8948500840}</UniqueIdentifier>
    </Filter>
    <Filter Include="Shared">
      <UniqueIdentifier>{c0305b5f-d5c8-4805-be40-0bb03273cfeb}</UniqueIdentifier>
    </Filter>
    <Filter Include="Direct11\RenderResource">
      <UniqueIdentifier>{f60d9116-edaa-47e6-8811-3c9154c879b3}</UniqueIdentifier>
    </Filter>
    <Filter Include="Direct11\RenderState">
      <UniqueIdentifier>{573f0faf-025d-47c7-b263-31f5a138ea16}</UniqueIdentifier>
    </Filter>
    <Filter Include="RenderCommon">
      <UniqueIdentifier>{19182356-112d-4a7b-87ce-40a9757385b7}</UniqueIdentifier>
    </Filter>
    <Filter Include="Material">
      <UniqueIdentifier>{c0580400-df12-4357-a7c5-5c1a689acf87}</UniqueIdentifier>
    </Filter>
  </ItemGroup>
  <ItemGroup>
    <Text Include="ReadMe.txt" />
  </ItemGroup>
  <ItemGroup>
    <ClInclude Include="stdafx.h">
      <Filter>헤더 파일</Filter>
    </ClInclude>
    <ClInclude Include="targetver.h">
      <Filter>헤더 파일</Filter>
    </ClInclude>
    <ClInclude Include="common.h">
      <Filter>헤더 파일</Filter>
    </ClInclude>
    <ClInclude Include="..\Shared\Util.h">
      <Filter>Shared</Filter>
    </ClInclude>
    <ClInclude Include="RenderEffect.h">
      <Filter>Direct11</Filter>
    </ClInclude>
    <ClInclude Include="RenderCoreDllFunc.h">
      <Filter>헤더 파일</Filter>
    </ClInclude>
    <ClInclude Include="RenderOutputManager.h">
      <Filter>헤더 파일</Filter>
    </ClInclude>
    <ClInclude Include="Direct3D11\D3D11Resource.h">
      <Filter>Direct11\RenderResource</Filter>
    </ClInclude>
    <ClInclude Include="Direct3D11\D3D11SamplerStateFactory.h">
      <Filter>Direct11\RenderState</Filter>
    </ClInclude>
    <ClInclude Include="Direct3D11\D3D11BlendStateFactory.h">
      <Filter>Direct11\RenderState</Filter>
    </ClInclude>
    <ClInclude Include="Direct3D11\D3D11DepthStencilStateFactory.h">
      <Filter>Direct11\RenderState</Filter>
    </ClInclude>
    <ClInclude Include="Direct3D11\D3D11RasterizerStateFactory.h">
      <Filter>Direct11\RenderState</Filter>
    </ClInclude>
    <ClInclude Include="Direct3D11\D3D11ResourceManager.h">
      <Filter>Direct11\RenderResource</Filter>
    </ClInclude>
    <ClInclude Include="CommonRenderer\IMaterial.h">
      <Filter>RenderCommon</Filter>
    </ClInclude>
    <ClInclude Include="CommonRenderer\IRenderer.h">
      <Filter>RenderCommon</Filter>
    </ClInclude>
    <ClInclude Include="CommonRenderer\IRenderResource.h">
      <Filter>RenderCommon</Filter>
    </ClInclude>
    <ClInclude Include="CommonRenderer\IRenderResourceManager.h">
      <Filter>RenderCommon</Filter>
    </ClInclude>
    <ClInclude Include="CommonRenderer\Resource.h">
      <Filter>RenderCommon</Filter>
    </ClInclude>
    <ClInclude Include="Direct3D11\D3D11RenderStateManager.h">
      <Filter>Direct11\RenderState</Filter>
    </ClInclude>
    <ClInclude Include="Direct3D11\D3D11RenderState.h">
      <Filter>Direct11\RenderState</Filter>
    </ClInclude>
    <ClInclude Include="Material.h">
      <Filter>Material</Filter>
    </ClInclude>
    <ClInclude Include="MaterialManager.h">
      <Filter>Material</Filter>
    </ClInclude>
  </ItemGroup>
  <ItemGroup>
    <ClCompile Include="stdafx.cpp">
      <Filter>소스 파일</Filter>
    </ClCompile>
    <ClCompile Include="RenderCore.cpp">
      <Filter>소스 파일</Filter>
    </ClCompile>
    <ClCompile Include="dllmain.cpp">
      <Filter>소스 파일</Filter>
    </ClCompile>
    <ClCompile Include="..\Shared\Util.cpp">
      <Filter>Shared</Filter>
    </ClCompile>
    <ClCompile Include="RenderEffect.cpp">
      <Filter>Direct11</Filter>
    </ClCompile>
    <ClCompile Include="RenderOutputManager.cpp">
      <Filter>소스 파일</Filter>
    </ClCompile>
    <ClCompile Include="Direct3D11\Direct3D11.cpp">
      <Filter>Direct11</Filter>
    </ClCompile>
    <ClCompile Include="Direct3D11\D3D11BlendStateFactory.cpp">
      <Filter>Direct11\RenderState</Filter>
    </ClCompile>
    <ClCompile Include="Direct3D11\D3D11DepthStencilStateFactory.cpp">
      <Filter>Direct11\RenderState</Filter>
    </ClCompile>
    <ClCompile Include="Direct3D11\D3D11RasterizerStateFactory.cpp">
      <Filter>Direct11\RenderState</Filter>
    </ClCompile>
    <ClCompile Include="Direct3D11\D3D11SamplerStateFactory.cpp">
      <Filter>Direct11\RenderState</Filter>
    </ClCompile>
    <ClCompile Include="Direct3D11\D3D11ResourceManager.cpp">
      <Filter>Direct11\RenderResource</Filter>
    </ClCompile>
    <ClCompile Include="Direct3D11\D3D11RenderStateManager.cpp">
      <Filter>Direct11\RenderState</Filter>
    </ClCompile>
    <ClCompile Include="Direct3D11\D3D11Resource.cpp">
      <Filter>Direct11\RenderResource</Filter>
    </ClCompile>
    <ClCompile Include="Material.cpp">
      <Filter>Material</Filter>
    </ClCompile>
    <ClCompile Include="MaterialManager.cpp">
      <Filter>Material</Filter>
    </ClCompile>
  </ItemGroup>
  <ItemGroup>
    <FxCompile Include="..\Shader\psTutorial.fx">
      <Filter>fx</Filter>
    </FxCompile>
    <FxCompile Include="..\Shader\vsTutorial.fx">
      <Filter>fx</Filter>
    </FxCompile>
    <FxCompile Include="..\Shader\vsTexture.fx">
      <Filter>fx</Filter>
    </FxCompile>
    <FxCompile Include="..\Shader\psTexture.fx">
      <Filter>fx</Filter>
    </FxCompile>
    <FxCompile Include="..\Shader\psSkybox.fx">
      <Filter>fx</Filter>
    </FxCompile>
    <FxCompile Include="..\Shader\vsSkybox.fx">
      <Filter>fx</Filter>
    </FxCompile>
    <FxCompile Include="..\Shader\vsDepthStencil.fx">
      <Filter>fx</Filter>
    </FxCompile>
    <FxCompile Include="..\Shader\psDepthStencil.fx">
      <Filter>fx</Filter>
    </FxCompile>
    <FxCompile Include="..\Shader\vsShadowmap.fx">
      <Filter>fx</Filter>
    </FxCompile>
    <FxCompile Include="..\Shader\psShadowmap.fx">
      <Filter>fx</Filter>
    </FxCompile>
    <FxCompile Include="..\Shader\vsScreenRect.fx">
      <Filter>fx</Filter>
    </FxCompile>
    <FxCompile Include="..\Shader\psSSR.fx">
      <Filter>fx</Filter>
    </FxCompile>
    <FxCompile Include="..\Shader\psSSRBlend.fx">
      <Filter>fx</Filter>
    </FxCompile>
    <FxCompile Include="..\Shader\psTexWithOutLight.fx">
      <Filter>fx</Filter>
    </FxCompile>
    <FxCompile Include="..\Shader\vsSSR.fx">
      <Filter>fx</Filter>
    </FxCompile>
    <FxCompile Include="..\Shader\psGaussianBlurY.fx">
      <Filter>fx</Filter>
    </FxCompile>
    <FxCompile Include="..\Shader\psGaussianBlurX.fx">
      <Filter>fx</Filter>
    </FxCompile>
    <FxCompile Include="..\Shader\csExperimental.fx">
      <Filter>fx</Filter>
    </FxCompile>
  </ItemGroup>
  <ItemGroup>
    <None Include="..\Shader\texCommon.fxh">
      <Filter>fx</Filter>
    </None>
    <None Include="..\Shader\lightCommon.fxh">
      <Filter>fx</Filter>
    </None>
    <None Include="..\Shader\shadowCommon.fxh">
      <Filter>fx</Filter>
    </None>
    <None Include="..\Shader\normalCompression.fxh">
      <Filter>fx</Filter>
    </None>
    <None Include="..\Shader\vsCommon.fxh">
      <Filter>fx</Filter>
    </None>
    <None Include="..\Shader\psCommon.fxh">
      <Filter>fx</Filter>
    </None>
  </ItemGroup>
</Project>