<?xml version="1.0" encoding="utf-8"?>
<Project ToolsVersion="4.0" xmlns="http://schemas.microsoft.com/developer/msbuild/2003">
  <ItemGroup>
    <Filter Include="소스 파일">
      <UniqueIdentifier>{4FC737F1-C7A5-4376-A066-2A32D752A2FF}</UniqueIdentifier>
      <Extensions>cpp;c;cc;cxx;def;odl;idl;hpj;bat;asm;asmx</Extensions>
    </Filter>
    <Filter Include="헤더 파일">
      <UniqueIdentifier>{93995380-89BD-4b04-88EB-625FBE52EBFB}</UniqueIdentifier>
      <Extensions>h;hh;hpp;hxx;hm;inl;inc;xsd</Extensions>
    </Filter>
    <Filter Include="리소스 파일">
      <UniqueIdentifier>{67DA6AB6-F800-4c08-8B7A-83BB121AAD01}</UniqueIdentifier>
      <Extensions>rc;ico;cur;bmp;dlg;rc2;rct;bin;rgs;gif;jpg;jpeg;jpe;resx;tiff;tif;png;wav;mfcribbon-ms</Extensions>
    </Filter>
    <Filter Include="Direct11">
      <UniqueIdentifier>{760371a0-97b4-45ae-9f7c-514816113782}</UniqueIdentifier>
    </Filter>
    <Filter Include="Direct11\Shader">
      <UniqueIdentifier>{2261c28c-7442-4035-b441-319f10df8e67}</UniqueIdentifier>
    </Filter>
    <Filter Include="Mesh">
      <UniqueIdentifier>{eb737ec2-51ab-4957-8359-4f0074db787b}</UniqueIdentifier>
    </Filter>
    <Filter Include="Direct11\Buffer">
      <UniqueIdentifier>{33a2abaa-e4a4-4df5-988f-08233263cccb}</UniqueIdentifier>
    </Filter>
    <Filter Include="fx">
      <UniqueIdentifier>{f6246641-54f6-4e9d-af0f-2a8948500840}</UniqueIdentifier>
    </Filter>
    <Filter Include="Direct11\Material">
      <UniqueIdentifier>{c0580400-df12-4357-a7c5-5c1a689acf87}</UniqueIdentifier>
    </Filter>
    <Filter Include="Shared">
      <UniqueIdentifier>{c0305b5f-d5c8-4805-be40-0bb03273cfeb}</UniqueIdentifier>
    </Filter>
    <Filter Include="Direct11\RenderResource">
      <UniqueIdentifier>{f60d9116-edaa-47e6-8811-3c9154c879b3}</UniqueIdentifier>
    </Filter>
    <Filter Include="Direct11\RenderState">
      <UniqueIdentifier>{573f0faf-025d-47c7-b263-31f5a138ea16}</UniqueIdentifier>
    </Filter>
    <Filter Include="Direct11\Surface">
      <UniqueIdentifier>{f5d720cf-3c71-4145-874c-19a091be9b1d}</UniqueIdentifier>
    </Filter>
  </ItemGroup>
  <ItemGroup>
    <Text Include="ReadMe.txt" />
    <Text Include="..\Shader\psTexWithOutLight.fx">
      <Filter>fx</Filter>
    </Text>
  </ItemGroup>
  <ItemGroup>
    <ClInclude Include="stdafx.h">
      <Filter>헤더 파일</Filter>
    </ClInclude>
    <ClInclude Include="targetver.h">
      <Filter>헤더 파일</Filter>
    </ClInclude>
    <ClInclude Include="IRenderer.h">
      <Filter>헤더 파일</Filter>
    </ClInclude>
    <ClInclude Include="common.h">
      <Filter>헤더 파일</Filter>
    </ClInclude>
    <ClInclude Include="Direct3D11.h">
      <Filter>Direct11</Filter>
    </ClInclude>
    <ClInclude Include="D3D11VertexShader.h">
      <Filter>Direct11\Shader</Filter>
    </ClInclude>
    <ClInclude Include="D3D11PixelShader.h">
      <Filter>Direct11\Shader</Filter>
    </ClInclude>
    <ClInclude Include="D3D11IndexBuffer.h">
      <Filter>Direct11\Buffer</Filter>
    </ClInclude>
    <ClInclude Include="D3D11VertexBuffer.h">
      <Filter>Direct11\Buffer</Filter>
    </ClInclude>
    <ClInclude Include="D3D11ConstantBuffer.h">
      <Filter>Direct11\Buffer</Filter>
    </ClInclude>
    <ClInclude Include="IBuffer.h">
      <Filter>Direct11\Buffer</Filter>
    </ClInclude>
    <ClInclude Include="D3D11BaseShader.h">
      <Filter>Direct11\Shader</Filter>
    </ClInclude>
    <ClInclude Include="IShader.h">
      <Filter>Direct11\Shader</Filter>
    </ClInclude>
    <ClInclude Include="D3D11BaseBuffer.h">
      <Filter>Direct11\Buffer</Filter>
    </ClInclude>
    <ClInclude Include="BaseMesh.h">
      <Filter>Mesh</Filter>
    </ClInclude>
    <ClInclude Include="DebugMesh.h">
      <Filter>Mesh</Filter>
    </ClInclude>
    <ClInclude Include="Material.h">
      <Filter>Direct11\Material</Filter>
    </ClInclude>
    <ClInclude Include="TutorialMaterial.h">
      <Filter>Direct11\Material</Filter>
    </ClInclude>
    <ClInclude Include="IMaterial.h">
      <Filter>Direct11\Material</Filter>
    </ClInclude>
    <ClInclude Include="RenderView.h">
      <Filter>헤더 파일</Filter>
    </ClInclude>
    <ClInclude Include="IRenderView.h">
      <Filter>헤더 파일</Filter>
    </ClInclude>
    <ClInclude Include="MeshLoader.h">
      <Filter>Mesh</Filter>
    </ClInclude>
    <ClInclude Include="IMesh.h">
      <Filter>Mesh</Filter>
    </ClInclude>
    <ClInclude Include="PlyMesh.h">
      <Filter>Mesh</Filter>
    </ClInclude>
    <ClInclude Include="WireFrame.h">
      <Filter>Direct11\Material</Filter>
    </ClInclude>
    <ClInclude Include="..\Shared\Util.h">
      <Filter>Shared</Filter>
    </ClInclude>
    <ClInclude Include="PlyMeshLoader.h">
      <Filter>Mesh</Filter>
    </ClInclude>
    <ClInclude Include="ObjMeshLoader.h">
      <Filter>Mesh</Filter>
    </ClInclude>
    <ClInclude Include="CommonMeshDefine.h">
      <Filter>Mesh</Filter>
    </ClInclude>
    <ClInclude Include="IMeshLoader.h">
      <Filter>Mesh</Filter>
    </ClInclude>
    <ClInclude Include="util_rendercore.h">
      <Filter>헤더 파일</Filter>
    </ClInclude>
    <ClInclude Include="ObjMesh.h">
      <Filter>Mesh</Filter>
    </ClInclude>
    <ClInclude Include="MaterialSystem.h">
      <Filter>Direct11\Material</Filter>
    </ClInclude>
    <ClInclude Include="TextureMaterial.h">
      <Filter>Direct11\Material</Filter>
    </ClInclude>
    <ClInclude Include="MeshBuilder.h">
      <Filter>Mesh</Filter>
    </ClInclude>
    <ClInclude Include="IMeshBuilder.h">
      <Filter>Mesh</Filter>
    </ClInclude>
    <ClInclude Include="SkyBoxMaterial.h">
      <Filter>Direct11\Material</Filter>
    </ClInclude>
    <ClInclude Include="ShaderListScriptLoader.h">
      <Filter>Direct11\Shader</Filter>
    </ClInclude>
    <ClInclude Include="ShaderResourceManager.h">
      <Filter>Direct11\RenderResource</Filter>
    </ClInclude>
    <ClInclude Include="ShaderResource.h">
      <Filter>Direct11\RenderResource</Filter>
    </ClInclude>
    <ClInclude Include="IShaderResource.h">
      <Filter>Direct11\RenderResource</Filter>
    </ClInclude>
    <ClInclude Include="IRenderTarget.h">
      <Filter>Direct11\RenderResource</Filter>
    </ClInclude>
    <ClInclude Include="SamplerStateFactory.h">
      <Filter>Direct11\RenderState</Filter>
    </ClInclude>
    <ClInclude Include="RasterizerStateFactory.h">
      <Filter>Direct11\RenderState</Filter>
    </ClInclude>
    <ClInclude Include="DepthStencilStateFactory.h">
      <Filter>Direct11\RenderState</Filter>
    </ClInclude>
    <ClInclude Include="RenderTarget.h">
      <Filter>Direct11\RenderResource</Filter>
    </ClInclude>
    <ClInclude Include="ITexture.h">
      <Filter>Direct11\RenderResource</Filter>
    </ClInclude>
    <ClInclude Include="RenderTargetManager.h">
      <Filter>Direct11\RenderResource</Filter>
    </ClInclude>
    <ClInclude Include="TextureManager.h">
      <Filter>Direct11\RenderResource</Filter>
    </ClInclude>
    <ClInclude Include="MaterialLoader.h">
      <Filter>Direct11\Material</Filter>
    </ClInclude>
    <ClInclude Include="IRenderState.h">
      <Filter>Direct11\RenderState</Filter>
    </ClInclude>
    <ClInclude Include="ISampler.h">
      <Filter>Direct11\Material</Filter>
    </ClInclude>
    <ClInclude Include="IDepthStencil.h">
      <Filter>Direct11\RenderResource</Filter>
    </ClInclude>
    <ClInclude Include="DepthStencil.h">
      <Filter>Direct11\RenderResource</Filter>
    </ClInclude>
    <ClInclude Include="SnapShotManager.h">
      <Filter>헤더 파일</Filter>
    </ClInclude>
    <ClInclude Include="Surface.h">
      <Filter>Direct11\Surface</Filter>
    </ClInclude>
    <ClInclude Include="ISurface.h">
      <Filter>Direct11\Surface</Filter>
    </ClInclude>
    <ClInclude Include="SurfaceManager.h">
      <Filter>Direct11\Surface</Filter>
    </ClInclude>
    <ClInclude Include="MaterialCommon.h">
      <Filter>Direct11\Material</Filter>
    </ClInclude>
    <ClInclude Include="ConstantBufferDefine.h">
      <Filter>헤더 파일</Filter>
    </ClInclude>
    <ClInclude Include="Texture.h">
      <Filter>Direct11\RenderResource</Filter>
    </ClInclude>
    <ClInclude Include="RenderEffect.h">
      <Filter>헤더 파일</Filter>
    </ClInclude>
  </ItemGroup>
  <ItemGroup>
    <ClCompile Include="stdafx.cpp">
      <Filter>소스 파일</Filter>
    </ClCompile>
    <ClCompile Include="RenderCore.cpp">
      <Filter>소스 파일</Filter>
    </ClCompile>
    <ClCompile Include="dllmain.cpp">
      <Filter>소스 파일</Filter>
    </ClCompile>
    <ClCompile Include="Direct3D11.cpp">
      <Filter>Direct11</Filter>
    </ClCompile>
    <ClCompile Include="D3D11VertexShader.cpp">
      <Filter>Direct11\Shader</Filter>
    </ClCompile>
    <ClCompile Include="D3D11PixelShader.cpp">
      <Filter>Direct11\Shader</Filter>
    </ClCompile>
    <ClCompile Include="D3D11IndexBuffer.cpp">
      <Filter>Direct11\Buffer</Filter>
    </ClCompile>
    <ClCompile Include="D3D11VertexBuffer.cpp">
      <Filter>Direct11\Buffer</Filter>
    </ClCompile>
    <ClCompile Include="D3D11ConstantBuffer.cpp">
      <Filter>Direct11\Buffer</Filter>
    </ClCompile>
    <ClCompile Include="D3D11BaseShader.cpp">
      <Filter>Direct11\Shader</Filter>
    </ClCompile>
    <ClCompile Include="D3D11BaseBuffer.cpp">
      <Filter>Direct11\Buffer</Filter>
    </ClCompile>
    <ClCompile Include="BaseMesh.cpp">
      <Filter>Mesh</Filter>
    </ClCompile>
    <ClCompile Include="DebugMesh.cpp">
      <Filter>Mesh</Filter>
    </ClCompile>
    <ClCompile Include="util_rendercore.cpp">
      <Filter>소스 파일</Filter>
    </ClCompile>
    <ClCompile Include="Material.cpp">
      <Filter>Direct11\Material</Filter>
    </ClCompile>
    <ClCompile Include="TutorialMaterial.cpp">
      <Filter>Direct11\Material</Filter>
    </ClCompile>
    <ClCompile Include="RenderView.cpp">
      <Filter>소스 파일</Filter>
    </ClCompile>
    <ClCompile Include="MeshLoader.cpp">
      <Filter>Mesh</Filter>
    </ClCompile>
    <ClCompile Include="PlyMesh.cpp">
      <Filter>Mesh</Filter>
    </ClCompile>
    <ClCompile Include="WireFrame.cpp">
      <Filter>Direct11\Material</Filter>
    </ClCompile>
    <ClCompile Include="..\Shared\Util.cpp">
      <Filter>Shared</Filter>
    </ClCompile>
    <ClCompile Include="PlyMeshLoader.cpp">
      <Filter>Mesh</Filter>
    </ClCompile>
    <ClCompile Include="ObjMeshLoader.cpp">
      <Filter>Mesh</Filter>
    </ClCompile>
    <ClCompile Include="ObjMesh.cpp">
      <Filter>Mesh</Filter>
    </ClCompile>
    <ClCompile Include="MaterialSystem.cpp">
      <Filter>Direct11\Material</Filter>
    </ClCompile>
    <ClCompile Include="TextureMaterial.cpp">
      <Filter>Direct11\Material</Filter>
    </ClCompile>
    <ClCompile Include="MeshBuilder.cpp">
      <Filter>Mesh</Filter>
    </ClCompile>
    <ClCompile Include="SkyBoxMaterial.cpp">
      <Filter>Direct11\Material</Filter>
    </ClCompile>
    <ClCompile Include="ShaderListScriptLoader.cpp">
      <Filter>Direct11\Shader</Filter>
    </ClCompile>
    <ClCompile Include="ShaderResourceManager.cpp">
      <Filter>Direct11\RenderResource</Filter>
    </ClCompile>
    <ClCompile Include="ShaderResource.cpp">
      <Filter>Direct11\RenderResource</Filter>
    </ClCompile>
    <ClCompile Include="RasterizerStateFactory.cpp">
      <Filter>Direct11\RenderState</Filter>
    </ClCompile>
    <ClCompile Include="SamplerStateFactory.cpp">
      <Filter>Direct11\RenderState</Filter>
    </ClCompile>
    <ClCompile Include="DepthStencilStateFactory.cpp">
      <Filter>Direct11\RenderState</Filter>
    </ClCompile>
    <ClCompile Include="RenderTarget.cpp">
      <Filter>Direct11\RenderResource</Filter>
    </ClCompile>
    <ClCompile Include="RenderTargetManager.cpp">
      <Filter>Direct11\RenderResource</Filter>
    </ClCompile>
    <ClCompile Include="TextureManager.cpp">
      <Filter>Direct11\RenderResource</Filter>
    </ClCompile>
    <ClCompile Include="MaterialLoader.cpp">
      <Filter>Direct11\Material</Filter>
    </ClCompile>
    <ClCompile Include="ISampler.cpp">
      <Filter>Direct11\Material</Filter>
    </ClCompile>
    <ClCompile Include="DepthStencil.cpp">
      <Filter>Direct11\RenderResource</Filter>
    </ClCompile>
    <ClCompile Include="SnapShotManager.cpp">
      <Filter>소스 파일</Filter>
    </ClCompile>
    <ClCompile Include="Surface.cpp">
      <Filter>Direct11\Surface</Filter>
    </ClCompile>
    <ClCompile Include="SurfaceManager.cpp">
      <Filter>Direct11\Surface</Filter>
    </ClCompile>
    <ClCompile Include="Texture.cpp">
      <Filter>Direct11\RenderResource</Filter>
    </ClCompile>
    <ClCompile Include="RenderEffect.cpp">
      <Filter>소스 파일</Filter>
    </ClCompile>
  </ItemGroup>
  <ItemGroup>
    <FxCompile Include="..\Shader\psTutorial.fx">
      <Filter>fx</Filter>
    </FxCompile>
    <FxCompile Include="..\Shader\vsTutorial.fx">
      <Filter>fx</Filter>
    </FxCompile>
    <FxCompile Include="..\Shader\vsTexture.fx">
      <Filter>fx</Filter>
    </FxCompile>
    <FxCompile Include="..\Shader\psTexture.fx">
      <Filter>fx</Filter>
    </FxCompile>
    <FxCompile Include="..\Shader\psSkybox.fx">
      <Filter>fx</Filter>
    </FxCompile>
    <FxCompile Include="..\Shader\vsSkybox.fx">
      <Filter>fx</Filter>
    </FxCompile>
    <FxCompile Include="..\Shader\vsDepthStencil.fx">
      <Filter>fx</Filter>
    </FxCompile>
    <FxCompile Include="..\Shader\psDepthStencil.fx">
      <Filter>fx</Filter>
    </FxCompile>
  </ItemGroup>
  <ItemGroup>
    <None Include="..\Shader\texCommon.fxh">
      <Filter>fx</Filter>
    </None>
    <None Include="..\Shader\lightCommon.fxh">
      <Filter>fx</Filter>
    </None>
  </ItemGroup>
</Project>