<?xml version="1.0" encoding="utf-8"?>
<Project ToolsVersion="4.0" xmlns="http://schemas.microsoft.com/developer/msbuild/2003">
  <ItemGroup>
    <Filter Include="소스 파일">
      <UniqueIdentifier>{4FC737F1-C7A5-4376-A066-2A32D752A2FF}</UniqueIdentifier>
      <Extensions>cpp;c;cc;cxx;def;odl;idl;hpj;bat;asm;asmx</Extensions>
    </Filter>
    <Filter Include="헤더 파일">
      <UniqueIdentifier>{93995380-89BD-4b04-88EB-625FBE52EBFB}</UniqueIdentifier>
      <Extensions>h;hh;hpp;hxx;hm;inl;inc;xsd</Extensions>
    </Filter>
    <Filter Include="리소스 파일">
      <UniqueIdentifier>{67DA6AB6-F800-4c08-8B7A-83BB121AAD01}</UniqueIdentifier>
      <Extensions>rc;ico;cur;bmp;dlg;rc2;rct;bin;rgs;gif;jpg;jpeg;jpe;resx;tiff;tif;png;wav;mfcribbon-ms</Extensions>
    </Filter>
    <Filter Include="Direct11">
      <UniqueIdentifier>{760371a0-97b4-45ae-9f7c-514816113782}</UniqueIdentifier>
    </Filter>
    <Filter Include="fx">
      <UniqueIdentifier>{f6246641-54f6-4e9d-af0f-2a8948500840}</UniqueIdentifier>
    </Filter>
    <Filter Include="Direct11\RenderResource">
      <UniqueIdentifier>{f60d9116-edaa-47e6-8811-3c9154c879b3}</UniqueIdentifier>
    </Filter>
    <Filter Include="Direct11\RenderState">
      <UniqueIdentifier>{573f0faf-025d-47c7-b263-31f5a138ea16}</UniqueIdentifier>
    </Filter>
    <Filter Include="RenderCommon">
      <UniqueIdentifier>{19182356-112d-4a7b-87ce-40a9757385b7}</UniqueIdentifier>
    </Filter>
    <Filter Include="Material">
      <UniqueIdentifier>{c0580400-df12-4357-a7c5-5c1a689acf87}</UniqueIdentifier>
    </Filter>
  </ItemGroup>
  <ItemGroup>
    <Text Include="ReadMe.txt" />
  </ItemGroup>
  <ItemGroup>
    <ClCompile Include="Source\private\Core\RenderCore.cpp">
      <Filter>소스 파일</Filter>
    </ClCompile>
    <ClCompile Include="Source\private\Core\dllmain.cpp">
      <Filter>소스 파일</Filter>
    </ClCompile>
    <ClCompile Include="Source\private\D3D11\Direct3D11.cpp">
      <Filter>Direct11</Filter>
    </ClCompile>
    <ClCompile Include="Source\private\Render\Material.cpp">
      <Filter>Material</Filter>
    </ClCompile>
    <ClCompile Include="Source\private\Render\MaterialManager.cpp">
      <Filter>Material</Filter>
    </ClCompile>
    <ClCompile Include="Source\RenderOutputManager.cpp">
      <Filter>소스 파일</Filter>
    </ClCompile>
    <ClCompile Include="Source\stdafx.cpp">
      <Filter>소스 파일</Filter>
    </ClCompile>
    <ClCompile Include="Source\private\D3D11\D3D11RenderStateFactory.cpp">
      <Filter>Direct11\RenderState</Filter>
    </ClCompile>
    <ClCompile Include="Source\private\D3D11\D3D11RenderStateManager.cpp">
      <Filter>Direct11\RenderState</Filter>
    </ClCompile>
    <ClCompile Include="Source\private\D3D11\D3D11Resource.cpp">
      <Filter>Direct11\RenderResource</Filter>
    </ClCompile>
    <ClCompile Include="Source\private\D3D11\D3D11ResourceManager.cpp">
      <Filter>Direct11\RenderResource</Filter>
    </ClCompile>
  </ItemGroup>
  <ItemGroup>
    <ClInclude Include="Source\public\Core\RenderCoreDllFunc.h">
      <Filter>헤더 파일</Filter>
    </ClInclude>
    <ClInclude Include="Source\public\Core\common.h">
      <Filter>헤더 파일</Filter>
    </ClInclude>
    <ClInclude Include="Source\public\Render\Material.h">
      <Filter>Material</Filter>
    </ClInclude>
    <ClInclude Include="Source\public\Render\MaterialManager.h">
      <Filter>Material</Filter>
    </ClInclude>
    <ClInclude Include="Source\public\Render\IRenderResource.h">
      <Filter>RenderCommon</Filter>
    </ClInclude>
    <ClInclude Include="Source\public\Render\IRenderResourceManager.h">
      <Filter>RenderCommon</Filter>
    </ClInclude>
    <ClInclude Include="Source\public\Render\Resource.h">
      <Filter>RenderCommon</Filter>
    </ClInclude>
    <ClInclude Include="Source\public\Render\IRenderer.h">
      <Filter>RenderCommon</Filter>
    </ClInclude>
    <ClInclude Include="Source\RenderOutputManager.h">
      <Filter>헤더 파일</Filter>
    </ClInclude>
    <ClInclude Include="Source\stdafx.h">
      <Filter>헤더 파일</Filter>
    </ClInclude>
    <ClInclude Include="Source\targetver.h">
      <Filter>헤더 파일</Filter>
    </ClInclude>
    <ClInclude Include="Source\public\D3D11\D3D11RenderState.h">
      <Filter>Direct11\RenderState</Filter>
    </ClInclude>
    <ClInclude Include="Source\public\D3D11\D3D11RenderStateFactory.h">
      <Filter>Direct11\RenderState</Filter>
    </ClInclude>
    <ClInclude Include="Source\public\D3D11\D3D11RenderStateManager.h">
      <Filter>Direct11\RenderState</Filter>
    </ClInclude>
    <ClInclude Include="Source\public\D3D11\D3D11Resource.h">
      <Filter>Direct11\RenderResource</Filter>
    </ClInclude>
    <ClInclude Include="Source\public\D3D11\D3D11ResourceManager.h">
      <Filter>Direct11\RenderResource</Filter>
    </ClInclude>
  </ItemGroup>
</Project>