<?xml version="1.0" encoding="utf-8"?>
<Project ToolsVersion="4.0" xmlns="http://schemas.microsoft.com/developer/msbuild/2003">
  <ItemGroup>
    <Filter Include="소스 파일">
      <UniqueIdentifier>{4FC737F1-C7A5-4376-A066-2A32D752A2FF}</UniqueIdentifier>
      <Extensions>cpp;c;cc;cxx;def;odl;idl;hpj;bat;asm;asmx</Extensions>
    </Filter>
    <Filter Include="헤더 파일">
      <UniqueIdentifier>{93995380-89BD-4b04-88EB-625FBE52EBFB}</UniqueIdentifier>
      <Extensions>h;hh;hpp;hxx;hm;inl;inc;xsd</Extensions>
    </Filter>
    <Filter Include="리소스 파일">
      <UniqueIdentifier>{67DA6AB6-F800-4c08-8B7A-83BB121AAD01}</UniqueIdentifier>
      <Extensions>rc;ico;cur;bmp;dlg;rc2;rct;bin;rgs;gif;jpg;jpeg;jpe;resx;tiff;tif;png;wav;mfcribbon-ms</Extensions>
    </Filter>
    <Filter Include="Shared">
      <UniqueIdentifier>{9cb62874-b432-4130-9aa1-29ca50ad8f14}</UniqueIdentifier>
    </Filter>
    <Filter Include="GameObject">
      <UniqueIdentifier>{3328af24-85b7-434a-bfd5-c46a4ec8852a}</UniqueIdentifier>
    </Filter>
    <Filter Include="Light">
      <UniqueIdentifier>{a6e3974b-f76f-4d31-a115-cf54bc783948}</UniqueIdentifier>
    </Filter>
    <Filter Include="Camera">
      <UniqueIdentifier>{ac2787ac-d8e0-4688-9e27-faf49d9e4fae}</UniqueIdentifier>
    </Filter>
    <Filter Include="Renderer">
      <UniqueIdentifier>{33551755-7ec3-4d3e-8011-b423276b1f7c}</UniqueIdentifier>
    </Filter>
    <Filter Include="Collision">
      <UniqueIdentifier>{c1aec5de-e5d7-4cc3-815c-2c16a93268fe}</UniqueIdentifier>
    </Filter>
  </ItemGroup>
  <ItemGroup>
    <Text Include="ReadMe.txt" />
  </ItemGroup>
  <ItemGroup>
    <ClInclude Include="stdafx.h">
      <Filter>헤더 파일</Filter>
    </ClInclude>
    <ClInclude Include="targetver.h">
      <Filter>헤더 파일</Filter>
    </ClInclude>
    <ClInclude Include="GameLogic.h">
      <Filter>헤더 파일</Filter>
    </ClInclude>
    <ClInclude Include="Timer.h">
      <Filter>헤더 파일</Filter>
    </ClInclude>
    <ClInclude Include="common.h">
      <Filter>헤더 파일</Filter>
    </ClInclude>
    <ClInclude Include="DebugConsole.h">
      <Filter>헤더 파일</Filter>
    </ClInclude>
    <ClInclude Include="SceneLoader.h">
      <Filter>헤더 파일</Filter>
    </ClInclude>
    <ClInclude Include="..\Shared\Util.h">
      <Filter>Shared</Filter>
    </ClInclude>
    <ClInclude Include="MouseController.h">
      <Filter>헤더 파일</Filter>
    </ClInclude>
    <ClInclude Include="IListener.h">
      <Filter>헤더 파일</Filter>
    </ClInclude>
    <ClInclude Include="IRigidBody.h">
      <Filter>소스 파일</Filter>
    </ClInclude>
    <ClInclude Include="PickingManager.h">
      <Filter>헤더 파일</Filter>
    </ClInclude>
    <ClInclude Include="GameObject.h">
      <Filter>GameObject</Filter>
    </ClInclude>
    <ClInclude Include="GameObjectFactory.h">
      <Filter>GameObject</Filter>
    </ClInclude>
    <ClInclude Include="SkyBox.h">
      <Filter>GameObject</Filter>
    </ClInclude>
    <ClInclude Include="DisplayShaderResourceHelper.h">
      <Filter>GameObject</Filter>
    </ClInclude>
    <ClInclude Include="UtilWindowInfo.h">
      <Filter>헤더 파일</Filter>
    </ClInclude>
    <ClInclude Include="Camera.h">
      <Filter>Camera</Filter>
    </ClInclude>
    <ClInclude Include="CameraManager.h">
      <Filter>Camera</Filter>
    </ClInclude>
    <ClInclude Include="Light.h">
      <Filter>Light</Filter>
    </ClInclude>
    <ClInclude Include="LightManager.h">
      <Filter>Light</Filter>
    </ClInclude>
    <ClInclude Include="GameObjectProperty.h">
      <Filter>GameObject</Filter>
    </ClInclude>
    <ClInclude Include="ShadowManager.h">
      <Filter>Renderer</Filter>
    </ClInclude>
    <ClInclude Include="RigidBodyManager.h">
      <Filter>Collision</Filter>
    </ClInclude>
    <ClInclude Include="Aaboundingbox.h">
      <Filter>Collision</Filter>
    </ClInclude>
    <ClInclude Include="BoundingSphere.h">
      <Filter>Collision</Filter>
    </ClInclude>
    <ClInclude Include="CollisionUtil.h">
      <Filter>Collision</Filter>
    </ClInclude>
    <ClInclude Include="Ray.h">
      <Filter>Collision</Filter>
    </ClInclude>
    <ClInclude Include="SSRManager.h">
      <Filter>Renderer</Filter>
    </ClInclude>
    <ClInclude Include="..\shared\CDirectXMath.h">
      <Filter>Shared</Filter>
    </ClInclude>
    <ClInclude Include="ScreenBlurManager.h">
      <Filter>Renderer</Filter>
    </ClInclude>
    <ClInclude Include="ILogic.h">
      <Filter>헤더 파일</Filter>
    </ClInclude>
  </ItemGroup>
  <ItemGroup>
    <ClCompile Include="stdafx.cpp">
      <Filter>소스 파일</Filter>
    </ClCompile>
    <ClCompile Include="Logic.cpp">
      <Filter>소스 파일</Filter>
    </ClCompile>
    <ClCompile Include="dllmain.cpp">
      <Filter>소스 파일</Filter>
    </ClCompile>
    <ClCompile Include="GameLogic.cpp">
      <Filter>소스 파일</Filter>
    </ClCompile>
    <ClCompile Include="Timer.cpp">
      <Filter>소스 파일</Filter>
    </ClCompile>
    <ClCompile Include="DebugConsole.cpp">
      <Filter>소스 파일</Filter>
    </ClCompile>
    <ClCompile Include="SceneLoader.cpp">
      <Filter>소스 파일</Filter>
    </ClCompile>
    <ClCompile Include="..\Shared\Util.cpp">
      <Filter>Shared</Filter>
    </ClCompile>
    <ClCompile Include="MouseController.cpp">
      <Filter>소스 파일</Filter>
    </ClCompile>
    <ClCompile Include="PickingManager.cpp">
      <Filter>소스 파일</Filter>
    </ClCompile>
    <ClCompile Include="GameObject.cpp">
      <Filter>GameObject</Filter>
    </ClCompile>
    <ClCompile Include="GameObjectFactory.cpp">
      <Filter>GameObject</Filter>
    </ClCompile>
    <ClCompile Include="SkyBox.cpp">
      <Filter>GameObject</Filter>
    </ClCompile>
    <ClCompile Include="DisplayShaderResourceHelper.cpp">
      <Filter>GameObject</Filter>
    </ClCompile>
    <ClCompile Include="Camera.cpp">
      <Filter>Camera</Filter>
    </ClCompile>
    <ClCompile Include="CameraManager.cpp">
      <Filter>Camera</Filter>
    </ClCompile>
    <ClCompile Include="Light.cpp">
      <Filter>Light</Filter>
    </ClCompile>
    <ClCompile Include="LightManager.cpp">
      <Filter>Light</Filter>
    </ClCompile>
    <ClCompile Include="ShadowManager.cpp">
      <Filter>Renderer</Filter>
    </ClCompile>
    <ClCompile Include="Aaboundingbox.cpp">
      <Filter>Collision</Filter>
    </ClCompile>
    <ClCompile Include="BoundingSphere.cpp">
      <Filter>Collision</Filter>
    </ClCompile>
    <ClCompile Include="CollisionUtil.cpp">
      <Filter>Collision</Filter>
    </ClCompile>
    <ClCompile Include="Ray.cpp">
      <Filter>Collision</Filter>
    </ClCompile>
    <ClCompile Include="RigidBodyManager.cpp">
      <Filter>Collision</Filter>
    </ClCompile>
    <ClCompile Include="SSRManager.cpp">
      <Filter>Renderer</Filter>
    </ClCompile>
    <ClCompile Include="ScreenBlurManager.cpp">
      <Filter>Renderer</Filter>
    </ClCompile>
  </ItemGroup>
</Project>