<?xml version="1.0" encoding="utf-8"?>
<Project ToolsVersion="4.0" xmlns="http://schemas.microsoft.com/developer/msbuild/2003">
  <ItemGroup>
    <Filter Include="소스 파일">
      <UniqueIdentifier>{4FC737F1-C7A5-4376-A066-2A32D752A2FF}</UniqueIdentifier>
      <Extensions>cpp;c;cc;cxx;def;odl;idl;hpj;bat;asm;asmx</Extensions>
    </Filter>
    <Filter Include="헤더 파일">
      <UniqueIdentifier>{93995380-89BD-4b04-88EB-625FBE52EBFB}</UniqueIdentifier>
      <Extensions>h;hh;hpp;hxx;hm;inl;inc;xsd</Extensions>
    </Filter>
    <Filter Include="GameObject">
      <UniqueIdentifier>{3328af24-85b7-434a-bfd5-c46a4ec8852a}</UniqueIdentifier>
    </Filter>
    <Filter Include="Physics">
      <UniqueIdentifier>{23d8f70d-f5e2-44ac-a9e5-132c02636e96}</UniqueIdentifier>
    </Filter>
    <Filter Include="Model">
      <UniqueIdentifier>{10216d73-92cc-469d-872e-ec1e237dac0f}</UniqueIdentifier>
    </Filter>
    <Filter Include="Render">
      <UniqueIdentifier>{33551755-7ec3-4d3e-8011-b423276b1f7c}</UniqueIdentifier>
    </Filter>
    <Filter Include="UnitTest">
      <UniqueIdentifier>{e927c642-6806-4aa2-baf5-12dead1f9054}</UniqueIdentifier>
    </Filter>
    <Filter Include="UserInput">
      <UniqueIdentifier>{bffbcae5-8f59-46e9-a75f-31de4c92c7b5}</UniqueIdentifier>
    </Filter>
    <Filter Include="UI">
      <UniqueIdentifier>{93f5ac12-0296-427f-9beb-87e170d6b0c5}</UniqueIdentifier>
    </Filter>
  </ItemGroup>
  <ItemGroup>
    <Text Include="ReadMe.txt" />
  </ItemGroup>
  <ItemGroup>
    <ClCompile Include="Source\Private\Core\DebugConsole.cpp">
      <Filter>소스 파일</Filter>
    </ClCompile>
    <ClCompile Include="Source\Private\Core\dllmain.cpp">
      <Filter>소스 파일</Filter>
    </ClCompile>
    <ClCompile Include="Source\Private\Core\GameLogic.cpp">
      <Filter>소스 파일</Filter>
    </ClCompile>
    <ClCompile Include="Source\Private\Core\Logic.cpp">
      <Filter>소스 파일</Filter>
    </ClCompile>
    <ClCompile Include="Source\Private\Core\Timer.cpp">
      <Filter>소스 파일</Filter>
    </ClCompile>
    <ClCompile Include="Source\Private\GameObject\Camera.cpp">
      <Filter>GameObject</Filter>
    </ClCompile>
    <ClCompile Include="Source\Private\GameObject\CameraManager.cpp">
      <Filter>GameObject</Filter>
    </ClCompile>
    <ClCompile Include="Source\Private\GameObject\GameObject.cpp">
      <Filter>GameObject</Filter>
    </ClCompile>
    <ClCompile Include="Source\Private\GameObject\GameObjectFactory.cpp">
      <Filter>GameObject</Filter>
    </ClCompile>
    <ClCompile Include="Source\Private\GameObject\PickingManager.cpp">
      <Filter>GameObject</Filter>
    </ClCompile>
    <ClCompile Include="Source\Private\GameObject\SkyBox.cpp">
      <Filter>GameObject</Filter>
    </ClCompile>
    <ClCompile Include="Source\Private\Model\BaseMesh.cpp">
      <Filter>Model</Filter>
    </ClCompile>
    <ClCompile Include="Source\Private\Model\DebugMesh.cpp">
      <Filter>Model</Filter>
    </ClCompile>
    <ClCompile Include="Source\Private\Model\ModelBuilder.cpp">
      <Filter>Model</Filter>
    </ClCompile>
    <ClCompile Include="Source\Private\Model\ModelManager.cpp">
      <Filter>Model</Filter>
    </ClCompile>
    <ClCompile Include="Source\Private\Model\ObjMesh.cpp">
      <Filter>Model</Filter>
    </ClCompile>
    <ClCompile Include="Source\Private\Model\ObjMeshLoader.cpp">
      <Filter>Model</Filter>
    </ClCompile>
    <ClCompile Include="Source\Private\Model\PlyMesh.cpp">
      <Filter>Model</Filter>
    </ClCompile>
    <ClCompile Include="Source\Private\Model\PlyMeshLoader.cpp">
      <Filter>Model</Filter>
    </ClCompile>
    <ClCompile Include="Source\Private\Physics\Aaboundingbox.cpp">
      <Filter>Physics</Filter>
    </ClCompile>
    <ClCompile Include="Source\Private\Physics\BoundingSphere.cpp">
      <Filter>Physics</Filter>
    </ClCompile>
    <ClCompile Include="Source\Private\Physics\CollisionUtil.cpp">
      <Filter>Physics</Filter>
    </ClCompile>
    <ClCompile Include="Source\Private\Physics\Ray.cpp">
      <Filter>Physics</Filter>
    </ClCompile>
    <ClCompile Include="Source\Private\Physics\RigidBodyManager.cpp">
      <Filter>Physics</Filter>
    </ClCompile>
    <ClCompile Include="Source\Private\GameObject\DisplayShaderResourceHelper.cpp">
      <Filter>GameObject</Filter>
    </ClCompile>
    <ClCompile Include="Source\Private\GameObject\Light.cpp">
      <Filter>GameObject</Filter>
    </ClCompile>
    <ClCompile Include="Source\Private\GameObject\LightManager.cpp">
      <Filter>GameObject</Filter>
    </ClCompile>
    <ClCompile Include="Source\Private\Scene\RenderView.cpp">
      <Filter>Render</Filter>
    </ClCompile>
    <ClCompile Include="Source\Private\Scene\SceneLoader.cpp">
      <Filter>Render</Filter>
    </ClCompile>
    <ClCompile Include="Source\Private\Scene\ScreenBlurManager.cpp">
      <Filter>Render</Filter>
    </ClCompile>
    <ClCompile Include="Source\Private\Scene\ShadowManager.cpp">
      <Filter>Render</Filter>
    </ClCompile>
    <ClCompile Include="Source\Private\Scene\SSRManager.cpp">
      <Filter>Render</Filter>
    </ClCompile>
    <ClCompile Include="Source\Private\UserInput\MouseController.cpp">
      <Filter>UserInput</Filter>
    </ClCompile>
    <ClCompile Include="Source\Private\Scene\ComputeShaderUnitTest.cpp">
      <Filter>UnitTest</Filter>
    </ClCompile>
    <ClCompile Include="Source\stdafx.cpp">
      <Filter>소스 파일</Filter>
    </ClCompile>
    <ClCompile Include="Source\Private\UI\ImUI.cpp">
      <Filter>UI</Filter>
    </ClCompile>
    <ClCompile Include="Source\Private\UI\ImUI_Draw.cpp">
      <Filter>UI</Filter>
    </ClCompile>
  </ItemGroup>
  <ItemGroup>
    <ClInclude Include="Source\Public\Core\UtilWindowInfo.h">
      <Filter>헤더 파일</Filter>
    </ClInclude>
    <ClInclude Include="Source\Public\Core\DebugConsole.h">
      <Filter>헤더 파일</Filter>
    </ClInclude>
    <ClInclude Include="Source\Public\Core\GameLogic.h">
      <Filter>헤더 파일</Filter>
    </ClInclude>
    <ClInclude Include="Source\Public\Core\IListener.h">
      <Filter>헤더 파일</Filter>
    </ClInclude>
    <ClInclude Include="Source\Public\Core\Timer.h">
      <Filter>헤더 파일</Filter>
    </ClInclude>
    <ClInclude Include="Source\Public\GameObject\Camera.h">
      <Filter>GameObject</Filter>
    </ClInclude>
    <ClInclude Include="Source\Public\GameObject\CameraManager.h">
      <Filter>GameObject</Filter>
    </ClInclude>
    <ClInclude Include="Source\Public\GameObject\GameObject.h">
      <Filter>GameObject</Filter>
    </ClInclude>
    <ClInclude Include="Source\Public\GameObject\GameObjectFactory.h">
      <Filter>GameObject</Filter>
    </ClInclude>
    <ClInclude Include="Source\Public\GameObject\GameObjectProperty.h">
      <Filter>GameObject</Filter>
    </ClInclude>
    <ClInclude Include="Source\Public\GameObject\PickingManager.h">
      <Filter>GameObject</Filter>
    </ClInclude>
    <ClInclude Include="Source\Public\GameObject\SkyBox.h">
      <Filter>GameObject</Filter>
    </ClInclude>
    <ClInclude Include="Source\Public\GameObject\LightManager.h">
      <Filter>GameObject</Filter>
    </ClInclude>
    <ClInclude Include="Source\Public\GameObject\DisplayShaderResourceHelper.h">
      <Filter>GameObject</Filter>
    </ClInclude>
    <ClInclude Include="Source\Public\GameObject\Light.h">
      <Filter>GameObject</Filter>
    </ClInclude>
    <ClInclude Include="Source\Public\Model\BaseMesh.h">
      <Filter>Model</Filter>
    </ClInclude>
    <ClInclude Include="Source\Public\Model\CommonMeshDefine.h">
      <Filter>Model</Filter>
    </ClInclude>
    <ClInclude Include="Source\Public\Model\DebugMesh.h">
      <Filter>Model</Filter>
    </ClInclude>
    <ClInclude Include="Source\Public\Model\IMesh.h">
      <Filter>Model</Filter>
    </ClInclude>
    <ClInclude Include="Source\Public\Model\IModelBuilder.h">
      <Filter>Model</Filter>
    </ClInclude>
    <ClInclude Include="Source\Public\Model\IModelLoader.h">
      <Filter>Model</Filter>
    </ClInclude>
    <ClInclude Include="Source\Public\Model\MeshBuildHelper.h">
      <Filter>Model</Filter>
    </ClInclude>
    <ClInclude Include="Source\Public\Model\ModelBuilder.h">
      <Filter>Model</Filter>
    </ClInclude>
    <ClInclude Include="Source\Public\Model\ModelManager.h">
      <Filter>Model</Filter>
    </ClInclude>
    <ClInclude Include="Source\Public\Model\ObjMesh.h">
      <Filter>Model</Filter>
    </ClInclude>
    <ClInclude Include="Source\Public\Model\ObjMeshLoader.h">
      <Filter>Model</Filter>
    </ClInclude>
    <ClInclude Include="Source\Public\Model\PlyMesh.h">
      <Filter>Model</Filter>
    </ClInclude>
    <ClInclude Include="Source\Public\Model\PlyMeshLoader.h">
      <Filter>Model</Filter>
    </ClInclude>
    <ClInclude Include="Source\Public\Model\Surface.h">
      <Filter>Model</Filter>
    </ClInclude>
    <ClInclude Include="Source\Public\Physics\Aaboundingbox.h">
      <Filter>Physics</Filter>
    </ClInclude>
    <ClInclude Include="Source\Public\Physics\BoundingSphere.h">
      <Filter>Physics</Filter>
    </ClInclude>
    <ClInclude Include="Source\Public\Physics\CollisionUtil.h">
      <Filter>Physics</Filter>
    </ClInclude>
    <ClInclude Include="Source\Public\Physics\IRigidBody.h">
      <Filter>Physics</Filter>
    </ClInclude>
    <ClInclude Include="Source\Public\Physics\Movement.h">
      <Filter>Physics</Filter>
    </ClInclude>
    <ClInclude Include="Source\Public\Physics\Ray.h">
      <Filter>Physics</Filter>
    </ClInclude>
    <ClInclude Include="Source\Public\Physics\RigidBodyManager.h">
      <Filter>Physics</Filter>
    </ClInclude>
    <ClInclude Include="Source\Public\Scene\INotifyGraphicsDevice.h">
      <Filter>Render</Filter>
    </ClInclude>
    <ClInclude Include="Source\Public\Scene\RenderView.h">
      <Filter>Render</Filter>
    </ClInclude>
    <ClInclude Include="Source\Public\Scene\SceneLoader.h">
      <Filter>Render</Filter>
    </ClInclude>
    <ClInclude Include="Source\Public\Scene\ScreenBlurManager.h">
      <Filter>Render</Filter>
    </ClInclude>
    <ClInclude Include="Source\Public\Scene\ShadowManager.h">
      <Filter>Render</Filter>
    </ClInclude>
    <ClInclude Include="Source\Public\Scene\SSRManager.h">
      <Filter>Render</Filter>
    </ClInclude>
    <ClInclude Include="Source\Public\Scene\ComputeShaderUnitTest.h">
      <Filter>UnitTest</Filter>
    </ClInclude>
    <ClInclude Include="Source\Public\UserInput\MouseController.h">
      <Filter>UserInput</Filter>
    </ClInclude>
    <ClInclude Include="Source\stdafx.h">
      <Filter>헤더 파일</Filter>
    </ClInclude>
    <ClInclude Include="Source\targetver.h">
      <Filter>헤더 파일</Filter>
    </ClInclude>
    <ClInclude Include="Source\Public\Scene\ConstantBufferDefine.h">
      <Filter>Render</Filter>
    </ClInclude>
    <ClInclude Include="Source\Public\UI\ImUI.h">
      <Filter>UI</Filter>
    </ClInclude>
    <ClInclude Include="Source\Public\Physics\Frustum.h">
      <Filter>Physics</Filter>
    </ClInclude>
  </ItemGroup>
</Project>